
Microsoft Visual Studio Solution File, Format Version 12.00
# Visual Studio Version 17
VisualStudioVersion = 17.0.31903.59
MinimumVisualStudioVersion = 10.0.40219.1
Project("{9A19103F-16F7-4668-BE54-9A1E7A4F7556}") = "NerdStore.Vendas.Application", "src\NerdStore.Vendas.Application\NerdStore.Vendas.Application.csproj", "{22D531A7-9BA0-4914-A90A-23D3F8EB9ED4}"
EndProject
Project("{2150E333-8FDC-42A3-9474-1A3956D46DE8}") = "src", "src", "{55F8FF45-E49D-4512-9DBC-51B026DEB3AD}"
EndProject
Project("{9A19103F-16F7-4668-BE54-9A1E7A4F7556}") = "NerdStore.Vendas.Domain", "src\NerdStore.Vendas.Domain\NerdStore.Vendas.Domain.csproj", "{2BBC3243-E509-4564-8A45-1004FDBA6962}"
EndProject
Project("{2150E333-8FDC-42A3-9474-1A3956D46DE8}") = "tests", "tests", "{593E2453-C7BF-42E6-BDE9-99A62C02404E}"
EndProject
Project("{9A19103F-16F7-4668-BE54-9A1E7A4F7556}") = "NerdStore.Vendas.Application.Tests", "tests\NerdStore.Vendas.Application.Tests\NerdStore.Vendas.Application.Tests.csproj", "{EC1D0550-80D9-40F8-BB2A-F17121EEE5AA}"
EndProject
Project("{9A19103F-16F7-4668-BE54-9A1E7A4F7556}") = "NerdStore.Vendas.Domain.Tests", "tests\NerdStore.Vendas.Domain.Tests\NerdStore.Vendas.Domain.Tests.csproj", "{976755AB-1816-46D3-BA49-A57D5B05DE29}"
EndProject
Project("{9A19103F-16F7-4668-BE54-9A1E7A4F7556}") = "NerdStore.Core", "src\NerdStore.Core\NerdStore.Core.csproj", "{1E9BFDCD-F7CF-4CCD-9A7E-162BE53CECC6}"
EndProject
Project("{9A19103F-16F7-4668-BE54-9A1E7A4F7556}") = "NerdStore.Vendas.Data", "src\NerdStore.Vendas.Data\NerdStore.Vendas.Data.csproj", "{F787BF2B-E3F9-43FA-881F-6314E3F54CD7}"
EndProject
Global
	GlobalSection(SolutionConfigurationPlatforms) = preSolution
		Debug|Any CPU = Debug|Any CPU
		Release|Any CPU = Release|Any CPU
	EndGlobalSection
	GlobalSection(ProjectConfigurationPlatforms) = postSolution
		{22D531A7-9BA0-4914-A90A-23D3F8EB9ED4}.Debug|Any CPU.ActiveCfg = Debug|Any CPU
		{22D531A7-9BA0-4914-A90A-23D3F8EB9ED4}.Debug|Any CPU.Build.0 = Debug|Any CPU
		{22D531A7-9BA0-4914-A90A-23D3F8EB9ED4}.Release|Any CPU.ActiveCfg = Release|Any CPU
		{22D531A7-9BA0-4914-A90A-23D3F8EB9ED4}.Release|Any CPU.Build.0 = Release|Any CPU
		{2BBC3243-E509-4564-8A45-1004FDBA6962}.Debug|Any CPU.ActiveCfg = Debug|Any CPU
		{2BBC3243-E509-4564-8A45-1004FDBA6962}.Debug|Any CPU.Build.0 = Debug|Any CPU
		{2BBC3243-E509-4564-8A45-1004FDBA6962}.Release|Any CPU.ActiveCfg = Release|Any CPU
		{2BBC3243-E509-4564-8A45-1004FDBA6962}.Release|Any CPU.Build.0 = Release|Any CPU
		{EC1D0550-80D9-40F8-BB2A-F17121EEE5AA}.Debug|Any CPU.ActiveCfg = Debug|Any CPU
		{EC1D0550-80D9-40F8-BB2A-F17121EEE5AA}.Debug|Any CPU.Build.0 = Debug|Any CPU
		{EC1D0550-80D9-40F8-BB2A-F17121EEE5AA}.Release|Any CPU.ActiveCfg = Release|Any CPU
		{EC1D0550-80D9-40F8-BB2A-F17121EEE5AA}.Release|Any CPU.Build.0 = Release|Any CPU
		{976755AB-1816-46D3-BA49-A57D5B05DE29}.Debug|Any CPU.ActiveCfg = Debug|Any CPU
		{976755AB-1816-46D3-BA49-A57D5B05DE29}.Debug|Any CPU.Build.0 = Debug|Any CPU
		{976755AB-1816-46D3-BA49-A57D5B05DE29}.Release|Any CPU.ActiveCfg = Release|Any CPU
		{976755AB-1816-46D3-BA49-A57D5B05DE29}.Release|Any CPU.Build.0 = Release|Any CPU
		{1E9BFDCD-F7CF-4CCD-9A7E-162BE53CECC6}.Debug|Any CPU.ActiveCfg = Debug|Any CPU
		{1E9BFDCD-F7CF-4CCD-9A7E-162BE53CECC6}.Debug|Any CPU.Build.0 = Debug|Any CPU
		{1E9BFDCD-F7CF-4CCD-9A7E-162BE53CECC6}.Release|Any CPU.ActiveCfg = Release|Any CPU
		{1E9BFDCD-F7CF-4CCD-9A7E-162BE53CECC6}.Release|Any CPU.Build.0 = Release|Any CPU
		{F787BF2B-E3F9-43FA-881F-6314E3F54CD7}.Debug|Any CPU.ActiveCfg = Debug|Any CPU
		{F787BF2B-E3F9-43FA-881F-6314E3F54CD7}.Debug|Any CPU.Build.0 = Debug|Any CPU
		{F787BF2B-E3F9-43FA-881F-6314E3F54CD7}.Release|Any CPU.ActiveCfg = Release|Any CPU
		{F787BF2B-E3F9-43FA-881F-6314E3F54CD7}.Release|Any CPU.Build.0 = Release|Any CPU
	EndGlobalSection
	GlobalSection(SolutionProperties) = preSolution
		HideSolutionNode = FALSE
	EndGlobalSection
	GlobalSection(NestedProjects) = preSolution
		{22D531A7-9BA0-4914-A90A-23D3F8EB9ED4} = {55F8FF45-E49D-4512-9DBC-51B026DEB3AD}
		{2BBC3243-E509-4564-8A45-1004FDBA6962} = {55F8FF45-E49D-4512-9DBC-51B026DEB3AD}
		{EC1D0550-80D9-40F8-BB2A-F17121EEE5AA} = {593E2453-C7BF-42E6-BDE9-99A62C02404E}
		{976755AB-1816-46D3-BA49-A57D5B05DE29} = {593E2453-C7BF-42E6-BDE9-99A62C02404E}
		{1E9BFDCD-F7CF-4CCD-9A7E-162BE53CECC6} = {55F8FF45-E49D-4512-9DBC-51B026DEB3AD}
		{F787BF2B-E3F9-43FA-881F-6314E3F54CD7} = {55F8FF45-E49D-4512-9DBC-51B026DEB3AD}
	EndGlobalSection
	GlobalSection(ExtensibilityGlobals) = postSolution
		SolutionGuid = {DF4C5FDA-FA82-47E7-BAB8-A4596264AF60}
	EndGlobalSection
EndGlobal
